// !$*UTF8*$!
{
	archiveVersion = 1;
	classes = {
	};
	objectVersion = 48;
	objects = {

/* Begin PBXBuildFile section */
		ECB1A9B61F7D2C0B00835704 /* AppDelegate.swift in Sources */ = {isa = PBXBuildFile; fileRef = ECB1A9B51F7D2C0B00835704 /* AppDelegate.swift */; };
		ECB1A9B81F7D2C0B00835704 /* art.scnassets in Resources */ = {isa = PBXBuildFile; fileRef = ECB1A9B71F7D2C0B00835704 /* art.scnassets */; };
		ECB1A9BA1F7D2C0B00835704 /* ViewController.swift in Sources */ = {isa = PBXBuildFile; fileRef = ECB1A9B91F7D2C0B00835704 /* ViewController.swift */; };
		ECB1A9BD1F7D2C0B00835704 /* Main.storyboard in Resources */ = {isa = PBXBuildFile; fileRef = ECB1A9BB1F7D2C0B00835704 /* Main.storyboard */; };
		ECB1A9BF1F7D2C0B00835704 /* Assets.xcassets in Resources */ = {isa = PBXBuildFile; fileRef = ECB1A9BE1F7D2C0B00835704 /* Assets.xcassets */; };
		ECB1A9C21F7D2C0B00835704 /* LaunchScreen.storyboard in Resources */ = {isa = PBXBuildFile; fileRef = ECB1A9C01F7D2C0B00835704 /* LaunchScreen.storyboard */; };
/* End PBXBuildFile section */

/* Begin PBXFileReference section */
		ECB1A9B21F7D2C0B00835704 /* arkittest.app */ = {isa = PBXFileReference; explicitFileType = wrapper.application; includeInIndex = 0; path = arkittest.app; sourceTree = BUILT_PRODUCTS_DIR; };
		ECB1A9B51F7D2C0B00835704 /* AppDelegate.swift */ = {isa = PBXFileReference; lastKnownFileType = sourcecode.swift; path = AppDelegate.swift; sourceTree = "<group>"; };
		ECB1A9B71F7D2C0B00835704 /* art.scnassets */ = {isa = PBXFileReference; lastKnownFileType = wrapper.scnassets; path = art.scnassets; sourceTree = "<group>"; };
		ECB1A9B91F7D2C0B00835704 /* ViewController.swift */ = {isa = PBXFileReference; lastKnownFileType = sourcecode.swift; path = ViewController.swift; sourceTree = "<group>"; };
		ECB1A9BC1F7D2C0B00835704 /* Base */ = {isa = PBXFileReference; lastKnownFileType = file.storyboard; name = Base; path = Base.lproj/Main.storyboard; sourceTree = "<group>"; };
		ECB1A9BE1F7D2C0B00835704 /* Assets.xcassets */ = {isa = PBXFileReference; lastKnownFileType = folder.assetcatalog; path = Assets.xcassets; sourceTree = "<group>"; };
		ECB1A9C11F7D2C0B00835704 /* Base */ = {isa = PBXFileReference; lastKnownFileType = file.storyboard; name = Base; path = Base.lproj/LaunchScreen.storyboard; sourceTree = "<group>"; };
		ECB1A9C31F7D2C0B00835704 /* Info.plist */ = {isa = PBXFileReference; lastKnownFileType = text.plist.xml; path = Info.plist; sourceTree = "<group>"; };
/* End PBXFileReference section */

/* Begin PBXFrameworksBuildPhase section */
		ECB1A9AF1F7D2C0B00835704 /* Frameworks */ = {
			isa = PBXFrameworksBuildPhase;
			buildActionMask = 2147483647;
			files = (
			);
			runOnlyForDeploymentPostprocessing = 0;
		};
/* End PBXFrameworksBuildPhase section */

/* Begin PBXGroup section */
		ECB1A9A91F7D2C0B00835704 = {
			isa = PBXGroup;
			children = (
				ECB1A9B41F7D2C0B00835704 /* arkittest */,
				ECB1A9B31F7D2C0B00835704 /* Products */,
			);
			sourceTree = "<group>";
		};
		ECB1A9B31F7D2C0B00835704 /* Products */ = {
			isa = PBXGroup;
			children = (
				ECB1A9B21F7D2C0B00835704 /* arkittest.app */,
			);
			name = Products;
			sourceTree = "<group>";
		};
		ECB1A9B41F7D2C0B00835704 /* arkittest */ = {
			isa = PBXGroup;
			children = (
				ECB1A9B51F7D2C0B00835704 /* AppDelegate.swift */,
				ECB1A9B71F7D2C0B00835704 /* art.scnassets */,
				ECB1A9B91F7D2C0B00835704 /* ViewController.swift */,
				ECB1A9BB1F7D2C0B00835704 /* Main.storyboard */,
				ECB1A9BE1F7D2C0B00835704 /* Assets.xcassets */,
				ECB1A9C01F7D2C0B00835704 /* LaunchScreen.storyboard */,
				ECB1A9C31F7D2C0B00835704 /* Info.plist */,
			);
			path = arkittest;
			sourceTree = "<group>";
		};
/* End PBXGroup section */

/* Begin PBXNativeTarget section */
		ECB1A9B11F7D2C0B00835704 /* arkittest */ = {
			isa = PBXNativeTarget;
			buildConfigurationList = ECB1A9C61F7D2C0B00835704 /* Build configuration list for PBXNativeTarget "arkittest" */;
			buildPhases = (
				ECB1A9AE1F7D2C0B00835704 /* Sources */,
				ECB1A9AF1F7D2C0B00835704 /* Frameworks */,
				ECB1A9B01F7D2C0B00835704 /* Resources */,
			);
			buildRules = (
			);
			dependencies = (
			);
			name = arkittest;
			productName = arkittest;
			productReference = ECB1A9B21F7D2C0B00835704 /* arkittest.app */;
			productType = "com.apple.product-type.application";
		};
/* End PBXNativeTarget section */

/* Begin PBXProject section */
		ECB1A9AA1F7D2C0B00835704 /* Project object */ = {
			isa = PBXProject;
			attributes = {
				LastSwiftUpdateCheck = 0900;
				LastUpgradeCheck = 0900;
				ORGANIZATIONNAME = kinki;
				TargetAttributes = {
					ECB1A9B11F7D2C0B00835704 = {
						CreatedOnToolsVersion = 9.0;
						ProvisioningStyle = Automatic;
					};
				};
			};
			buildConfigurationList = ECB1A9AD1F7D2C0B00835704 /* Build configuration list for PBXProject "arkittest" */;
			compatibilityVersion = "Xcode 8.0";
			developmentRegion = en;
			hasScannedForEncodings = 0;
			knownRegions = (
				en,
				Base,
			);
			mainGroup = ECB1A9A91F7D2C0B00835704;
			productRefGroup = ECB1A9B31F7D2C0B00835704 /* Products */;
			projectDirPath = "";
			projectRoot = "";
			targets = (
				ECB1A9B11F7D2C0B00835704 /* arkittest */,
			);
		};
/* End PBXProject section */

/* Begin PBXResourcesBuildPhase section */
		ECB1A9B01F7D2C0B00835704 /* Resources */ = {
			isa = PBXResourcesBuildPhase;
			buildActionMask = 2147483647;
			files = (
				ECB1A9B81F7D2C0B00835704 /* art.scnassets in Resources */,
				ECB1A9C21F7D2C0B00835704 /* LaunchScreen.storyboard in Resources */,
				ECB1A9BF1F7D2C0B00835704 /* Assets.xcassets in Resources */,
				ECB1A9BD1F7D2C0B00835704 /* Main.storyboard in Resources */,
			);
			runOnlyForDeploymentPostprocessing = 0;
		};
/* End PBXResourcesBuildPhase section */

/* Begin PBXSourcesBuildPhase section */
		ECB1A9AE1F7D2C0B00835704 /* Sources */ = {
			isa = PBXSourcesBuildPhase;
			buildActionMask = 2147483647;
			files = (
				ECB1A9BA1F7D2C0B00835704 /* ViewController.swift in Sources */,
				ECB1A9B61F7D2C0B00835704 /* AppDelegate.swift in Sources */,
			);
			runOnlyForDeploymentPostprocessing = 0;
		};
/* End PBXSourcesBuildPhase section */

/* Begin PBXVariantGroup section */
		ECB1A9BB1F7D2C0B00835704 /* Main.storyboard */ = {
			isa = PBXVariantGroup;
			children = (
				ECB1A9BC1F7D2C0B00835704 /* Base */,
			);
			name = Main.storyboard;
			sourceTree = "<group>";
		};
		ECB1A9C01F7D2C0B00835704 /* LaunchScreen.storyboard */ = {
			isa = PBXVariantGroup;
			children = (
				ECB1A9C11F7D2C0B00835704 /* Base */,
			);
			name = LaunchScreen.storyboard;
			sourceTree = "<group>";
		};
/* End PBXVariantGroup section */

/* Begin XCBuildConfiguration section */
		ECB1A9C41F7D2C0B00835704 /* Debug */ = {
			isa = XCBuildConfiguration;
			buildSettings = {
				ALWAYS_SEARCH_USER_PATHS = NO;
				CLANG_ANALYZER_NONNULL = YES;
				CLANG_ANALYZER_NUMBER_OBJECT_CONVERSION = YES_AGGRESSIVE;
				CLANG_CXX_LANGUAGE_STANDARD = "gnu++14";
				CLANG_CXX_LIBRARY = "libc++";
				CLANG_ENABLE_MODULES = YES;
				CLANG_ENABLE_OBJC_ARC = YES;
				CLANG_WARN_BLOCK_CAPTURE_AUTORELEASING = YES;
				CLANG_WARN_BOOL_CONVERSION = YES;
				CLANG_WARN_COMMA = YES;
				CLANG_WARN_CONSTANT_CONVERSION = YES;
				CLANG_WARN_DIRECT_OBJC_ISA_USAGE = YES_ERROR;
				CLANG_WARN_DOCUMENTATION_COMMENTS = YES;
				CLANG_WARN_EMPTY_BODY = YES;
				CLANG_WARN_ENUM_CONVERSION = YES;
				CLANG_WARN_INFINITE_RECURSION = YES;
				CLANG_WARN_INT_CONVERSION = YES;
				CLANG_WARN_NON_LITERAL_NULL_CONVERSION = YES;
				CLANG_WARN_OBJC_LITERAL_CONVERSION = YES;
				CLANG_WARN_OBJC_ROOT_CLASS = YES_ERROR;
				CLANG_WARN_RANGE_LOOP_ANALYSIS = YES;
				CLANG_WARN_STRICT_PROTOTYPES = YES;
				CLANG_WARN_SUSPICIOUS_MOVE = YES;
				CLANG_WARN_UNGUARDED_AVAILABILITY = YES_AGGRESSIVE;
				CLANG_WARN_UNREACHABLE_CODE = YES;
				CLANG_WARN__DUPLICATE_METHOD_MATCH = YES;
				CODE_SIGN_IDENTITY = "iPhone Developer";
				COPY_PHASE_STRIP = NO;
				DEBUG_INFORMATION_FORMAT = dwarf;
				ENABLE_STRICT_OBJC_MSGSEND = YES;
				ENABLE_TESTABILITY = YES;
				GCC_C_LANGUAGE_STANDARD = gnu11;
				GCC_DYNAMIC_NO_PIC = NO;
				GCC_NO_COMMON_BLOCKS = YES;
				GCC_OPTIMIZATION_LEVEL = 0;
				GCC_PREPROCESSOR_DEFINITIONS = (
					"DEBUG=1",
					"$(inherited)",
				);
				GCC_WARN_64_TO_32_BIT_CONVERSION = YES;
				GCC_WARN_ABOUT_RETURN_TYPE = YES_ERROR;
				GCC_WARN_UNDECLARED_SELECTOR = YES;
				GCC_WARN_UNINITIALIZED_AUTOS = YES_AGGRESSIVE;
				GCC_WARN_UNUSED_FUNCTION = YES;
				GCC_WARN_UNUSED_VARIABLE = YES;
				IPHONEOS_DEPLOYMENT_TARGET = 11.0;
				MTL_ENABLE_DEBUG_INFO = YES;
				ONLY_ACTIVE_ARCH = YES;
				SDKROOT = iphoneos;
				SWIFT_ACTIVE_COMPILATION_CONDITIONS = DEBUG;
				SWIFT_OPTIMIZATION_LEVEL = "-Onone";
			};
			name = Debug;
		};
		ECB1A9C51F7D2C0B00835704 /* Release */ = {
			isa = XCBuildConfiguration;
			buildSettings = {
				ALWAYS_SEARCH_USER_PATHS = NO;
				CLANG_ANALYZER_NONNULL = YES;
				CLANG_ANALYZER_NUMBER_OBJECT_CONVERSION = YES_AGGRESSIVE;
				CLANG_CXX_LANGUAGE_STANDARD = "gnu++14";
				CLANG_CXX_LIBRARY = "libc++";
				CLANG_ENABLE_MODULES = YES;
				CLANG_ENABLE_OBJC_ARC = YES;
				CLANG_WARN_BLOCK_CAPTURE_AUTORELEASING = YES;
				CLANG_WARN_BOOL_CONVERSION = YES;
				CLANG_WARN_COMMA = YES;
				CLANG_WARN_CONSTANT_CONVERSION = YES;
				CLANG_WARN_DIRECT_OBJC_ISA_USAGE = YES_ERROR;
				CLANG_WARN_DOCUMENTATION_COMMENTS = YES;
				CLANG_WARN_EMPTY_BODY = YES;
				CLANG_WARN_ENUM_CONVERSION = YES;
				CLANG_WARN_INFINITE_RECURSION = YES;
				CLANG_WARN_INT_CONVERSION = YES;
				CLANG_WARN_NON_LITERAL_NULL_CONVERSION = YES;
				CLANG_WARN_OBJC_LITERAL_CONVERSION = YES;
				CLANG_WARN_OBJC_ROOT_CLASS = YES_ERROR;
				CLANG_WARN_RANGE_LOOP_ANALYSIS = YES;
				CLANG_WARN_STRICT_PROTOTYPES = YES;
				CLANG_WARN_SUSPICIOUS_MOVE = YES;
				CLANG_WARN_UNGUARDED_AVAILABILITY = YES_AGGRESSIVE;
				CLANG_WARN_UNREACHABLE_CODE = YES;
				CLANG_WARN__DUPLICATE_METHOD_MATCH = YES;
				CODE_SIGN_IDENTITY = "iPhone Developer";
				COPY_PHASE_STRIP = NO;
				DEBUG_INFORMATION_FORMAT = "dwarf-with-dsym";
				ENABLE_NS_ASSERTIONS = NO;
				ENABLE_STRICT_OBJC_MSGSEND = YES;
				GCC_C_LANGUAGE_STANDARD = gnu11;
				GCC_NO_COMMON_BLOCKS = YES;
				GCC_WARN_64_TO_32_BIT_CONVERSION = YES;
				GCC_WARN_ABOUT_RETURN_TYPE = YES_ERROR;
				GCC_WARN_UNDECLARED_SELECTOR = YES;
				GCC_WARN_UNINITIALIZED_AUTOS = YES_AGGRESSIVE;
				GCC_WARN_UNUSED_FUNCTION = YES;
				GCC_WARN_UNUSED_VARIABLE = YES;
				IPHONEOS_DEPLOYMENT_TARGET = 11.0;
				MTL_ENABLE_DEBUG_INFO = NO;
				SDKROOT = iphoneos;
				SWIFT_OPTIMIZATION_LEVEL = "-Owholemodule";
				VALIDATE_PRODUCT = YES;
			};
			name = Release;
		};
		ECB1A9C71F7D2C0B00835704 /* Debug */ = {
			isa = XCBuildConfiguration;
			buildSettings = {
				ASSETCATALOG_COMPILER_APPICON_NAME = AppIcon;
				CODE_SIGN_STYLE = Automatic;
				DEVELOPMENT_TEAM = 9XZ4ZTHMQT;
				INFOPLIST_FILE = arkittest/Info.plist;
				LD_RUNPATH_SEARCH_PATHS = "$(inherited) @executable_path/Frameworks";
				PRODUCT_BUNDLE_IDENTIFIER = com.kinki.arkittest;
				PRODUCT_NAME = "$(TARGET_NAME)";
				SWIFT_VERSION = 4.0;
				TARGETED_DEVICE_FAMILY = "1,2";
			};
			name = Debug;
		};
		ECB1A9C81F7D2C0B00835704 /* Release */ = {
			isa = XCBuildConfiguration;
			buildSettings = {
				ASSETCATALOG_COMPILER_APPICON_NAME = AppIcon;
				CODE_SIGN_STYLE = Automatic;
				DEVELOPMENT_TEAM = 9XZ4ZTHMQT;
				INFOPLIST_FILE = arkittest/Info.plist;
				LD_RUNPATH_SEARCH_PATHS = "$(inherited) @executable_path/Frameworks";
				PRODUCT_BUNDLE_IDENTIFIER = com.kinki.arkittest;
				PRODUCT_NAME = "$(TARGET_NAME)";
				SWIFT_VERSION = 4.0;
				TARGETED_DEVICE_FAMILY = "1,2";
			};
			name = Release;
		};
/* End XCBuildConfiguration section */

/* Begin XCConfigurationList section */
		ECB1A9AD1F7D2C0B00835704 /* Build configuration list for PBXProject "arkittest" */ = {
			isa = XCConfigurationList;
			buildConfigurations = (
				ECB1A9C41F7D2C0B00835704 /* Debug */,
				ECB1A9C51F7D2C0B00835704 /* Release */,
			);
			defaultConfigurationIsVisible = 0;
			defaultConfigurationName = Release;
		};
		ECB1A9C61F7D2C0B00835704 /* Build configuration list for PBXNativeTarget "arkittest" */ = {
			isa = XCConfigurationList;
			buildConfigurations = (
				ECB1A9C71F7D2C0B00835704 /* Debug */,
				ECB1A9C81F7D2C0B00835704 /* Release */,
			);
			defaultConfigurationIsVisible = 0;
			defaultConfigurationName = Release;
		};
/* End XCConfigurationList section */
	};
	rootObject = ECB1A9AA1F7D2C0B00835704 /* Project object */;
}
